
Microsoft Visual Studio Solution File, Format Version 12.00
# Visual Studio 15
VisualStudioVersion = 15.0.27130.2020
MinimumVisualStudioVersion = 10.0.40219.1
Project("{FAE04EC0-301F-11D3-BF4B-00C04F79EFBC}") = "CSharp_Console", "CSharp_Console\CSharp_Console.csproj", "{5158289F-B3CD-49EC-959B-C9B0CED1E38D}"
EndProject
Global
	GlobalSection(SolutionConfigurationPlatforms) = preSolution
		Debug|Any CPU = Debug|Any CPU
		Release|Any CPU = Release|Any CPU
	EndGlobalSection
	GlobalSection(ProjectConfigurationPlatforms) = postSolution
		{5158289F-B3CD-49EC-959B-C9B0CED1E38D}.Debug|Any CPU.ActiveCfg = Debug|Any CPU
		{5158289F-B3CD-49EC-959B-C9B0CED1E38D}.Debug|Any CPU.Build.0 = Debug|Any CPU
		{5158289F-B3CD-49EC-959B-C9B0CED1E38D}.Release|Any CPU.ActiveCfg = Release|Any CPU
		{5158289F-B3CD-49EC-959B-C9B0CED1E38D}.Release|Any CPU.Build.0 = Release|Any CPU
	EndGlobalSection
	GlobalSection(SolutionProperties) = preSolution
		HideSolutionNode = FALSE
	EndGlobalSection
	GlobalSection(ExtensibilityGlobals) = postSolution
		SolutionGuid = {F0178753-EFF3-4852-8A9B-DA382916220C}
	EndGlobalSection
EndGlobal
